{
  "name": "twilio-signature-cli",
  "version": "1.0.0",
  "lockfileVersion": 3,
  "requires": true,
  "packages": {
    "": {
      "name": "twilio-signature-cli",
      "version": "1.0.0",
      "license": "ISC",
      "dependencies": {
        "commander": "^11.1.0",
        "twilio-signature": "^1.0.0"
      },
      "bin": {
        "twilio-signature": "dist/index.js"
      },
      "devDependencies": {
        "@types/node": "^22.15.19",
        "typescript": "^5.8.3"
      },
      "engines": {
        "node": ">=12.0.0",
        "npm": ">=10.0.0"
      }
    },
    "node_modules/@types/node": {
      "version": "22.15.19",
      "resolved": "https://registry.npmjs.org/@types/node/-/node-22.15.19.tgz",
      "integrity": "sha512-3vMNr4TzNQyjHcRZadojpRaD9Ofr6LsonZAoQ+HMUa/9ORTPoxVIw0e0mpqWpdjj8xybyCM+oKOUH2vwFu/oEw==",
      "dev": true,
      "license": "MIT",
      "dependencies": {
        "undici-types": "~6.21.0"
      }
    },
    "node_modules/commander": {
      "version": "11.1.0",
      "resolved": "https://registry.npmjs.org/commander/-/commander-11.1.0.tgz",
      "integrity": "sha512-yPVavfyCcRhmorC7rWlkHn15b4wDVgVmBA7kV4QVBsF7kv/9TKJAbAXVTxvTnwP8HHKjRCJDClKbciiYS7p0DQ==",
      "license": "MIT",
      "engines": {
        "node": ">=16"
      }
    },
    "node_modules/twilio-signature": {
      "version": "1.0.0",
      "resolved": "https://registry.npmjs.org/twilio-signature/-/twilio-signature-1.0.0.tgz",
      "integrity": "sha512-qlyB6TMMaJhhXPad0Kyfpi1k2GDuem60CQYv1CF8qXJmiFbZ3rmSbmSirP2a5lf5lV2dwMen6Z9c0FbNgyH/dQ==",
      "license": "ISC",
      "engines": {
        "node": ">=12.0.0",
        "npm": ">=10.0.0"
      }
    },
    "node_modules/typescript": {
      "version": "5.8.3",
      "resolved": "https://registry.npmjs.org/typescript/-/typescript-5.8.3.tgz",
      "integrity": "sha512-p1diW6TqL9L07nNxvRMM7hMMw4c5XOo/1ibL4aAIGmSAt9slTE1Xgw5KWuof2uTOvCg9BY7ZRi+GaF+7sfgPeQ==",
      "dev": true,
      "license": "Apache-2.0",
      "bin": {
        "tsc": "bin/tsc",
        "tsserver": "bin/tsserver"
      },
      "engines": {
        "node": ">=14.17"
      }
    },
    "node_modules/undici-types": {
      "version": "6.21.0",
      "resolved": "https://registry.npmjs.org/undici-types/-/undici-types-6.21.0.tgz",
      "integrity": "sha512-iwDZqg0QAGrg9Rav5H4n0M64c3mkR59cJ6wQp+7C4nI0gsmExaedaYLNO44eT4AtBBwjbTiGPMlt2Md0T9H9JQ==",
      "dev": true,
      "license": "MIT"
    }
  }
}
